Microsoft Visual Studio Solution File, Format Version 12.00
# Visual Studio Version 17
VisualStudioVersion = 17.5.2.0
MinimumVisualStudioVersion = 10.0.40219.1
Project("{2150E333-8FDC-42A3-9474-1A3956D46DE8}") = "Outros", "Outros", "{D2CC033C-F5C6-417C-AAE8-BDC3CAA5F5C2}"
EndProject
Project("{FAE04EC0-301F-11D3-BF4B-00C04F79EFBC}") = "manipularExcelAnaliseDados", "Outros\manipularExcelAnaliseDados\manipularExcelAnaliseDados.csproj", "{756F8412-53B2-43EE-AE9A-5F476DFC925D}"
EndProject
Global
	GlobalSection(SolutionConfigurationPlatforms) = preSolution
		Debug|Any CPU = Debug|Any CPU
		Release|Any CPU = Release|Any CPU
	EndGlobalSection
	GlobalSection(ProjectConfigurationPlatforms) = postSolution
		{756F8412-53B2-43EE-AE9A-5F476DFC925D}.Debug|Any CPU.ActiveCfg = Debug|Any CPU
		{756F8412-53B2-43EE-AE9A-5F476DFC925D}.Debug|Any CPU.Build.0 = Debug|Any CPU
		{756F8412-53B2-43EE-AE9A-5F476DFC925D}.Release|Any CPU.ActiveCfg = Release|Any CPU
		{756F8412-53B2-43EE-AE9A-5F476DFC925D}.Release|Any CPU.Build.0 = Release|Any CPU
	EndGlobalSection
	GlobalSection(SolutionProperties) = preSolution
		HideSolutionNode = FALSE
	EndGlobalSection
	GlobalSection(NestedProjects) = preSolution
		{756F8412-53B2-43EE-AE9A-5F476DFC925D} = {D2CC033C-F5C6-417C-AAE8-BDC3CAA5F5C2}
	EndGlobalSection
	GlobalSection(ExtensibilityGlobals) = postSolution
		SolutionGuid = {D1EAEB81-0E9A-4EF2-BBD7-0442379477AA}
	EndGlobalSection
EndGlobal
